
Microsoft Visual Studio Solution File, Format Version 12.00
# Visual Studio Version 17
VisualStudioVersion = 17.3.32825.248
MinimumVisualStudioVersion = 10.0.40219.1
Project("{FAE04EC0-301F-11D3-BF4B-00C04F79EFBC}") = "X-335-ThomasRey-Projet", "X-335-ThomasRey-Projet\X-335-ThomasRey-Projet.csproj", "{7B8D0C44-1B0D-49AF-8595-AC3B43C193B2}"
EndProject
Global
	GlobalSection(SolutionConfigurationPlatforms) = preSolution
		Debug|Any CPU = Debug|Any CPU
		Release|Any CPU = Release|Any CPU
	EndGlobalSection
	GlobalSection(ProjectConfigurationPlatforms) = postSolution
		{7B8D0C44-1B0D-49AF-8595-AC3B43C193B2}.Debug|Any CPU.ActiveCfg = Debug|Any CPU
		{7B8D0C44-1B0D-49AF-8595-AC3B43C193B2}.Debug|Any CPU.Build.0 = Debug|Any CPU
		{7B8D0C44-1B0D-49AF-8595-AC3B43C193B2}.Debug|Any CPU.Deploy.0 = Debug|Any CPU
		{7B8D0C44-1B0D-49AF-8595-AC3B43C193B2}.Release|Any CPU.ActiveCfg = Release|Any CPU
		{7B8D0C44-1B0D-49AF-8595-AC3B43C193B2}.Release|Any CPU.Build.0 = Release|Any CPU
		{7B8D0C44-1B0D-49AF-8595-AC3B43C193B2}.Release|Any CPU.Deploy.0 = Release|Any CPU
	EndGlobalSection
	GlobalSection(SolutionProperties) = preSolution
		HideSolutionNode = FALSE
	EndGlobalSection
	GlobalSection(ExtensibilityGlobals) = postSolution
		SolutionGuid = {15355B78-E664-40B9-80BA-36DEF9D7B80B}
	EndGlobalSection
EndGlobal
